// !$*UTF8*$!
{
	archiveVersion = 1;
	classes = {
	};
	objectVersion = 56;
	objects = {

/* Begin PBXBuildFile section */
		9C6566CB2CC979EA0070AEB2 /* LowerLevelVC.swift in Sources */ = {isa = PBXBuildFile; fileRef = 9C6566CA2CC979EA0070AEB2 /* LowerLevelVC.swift */; };
		9C6566D12CC97C1D0070AEB2 /* UpperLevelVC.swift in Sources */ = {isa = PBXBuildFile; fileRef = 9C6566D02CC97C1D0070AEB2 /* UpperLevelVC.swift */; };
		AC652BEC2CC0ACD7004A7F40 /* AppDelegate.swift in Sources */ = {isa = PBXBuildFile; fileRef = AC652BEB2CC0ACD7004A7F40 /* AppDelegate.swift */; };
		AC652BEE2CC0ACD7004A7F40 /* SceneDelegate.swift in Sources */ = {isa = PBXBuildFile; fileRef = AC652BED2CC0ACD7004A7F40 /* SceneDelegate.swift */; };
		AC652BF02CC0ACD7004A7F40 /* ViewController.swift in Sources */ = {isa = PBXBuildFile; fileRef = AC652BEF2CC0ACD7004A7F40 /* ViewController.swift */; };
		AC652BF32CC0ACD7004A7F40 /* Main.storyboard in Resources */ = {isa = PBXBuildFile; fileRef = AC652BF12CC0ACD7004A7F40 /* Main.storyboard */; };
		AC652BF62CC0ACD7004A7F40 /* ShoppingSpree.xcdatamodeld in Sources */ = {isa = PBXBuildFile; fileRef = AC652BF42CC0ACD7004A7F40 /* ShoppingSpree.xcdatamodeld */; };
		AC652BF82CC0ACD8004A7F40 /* Assets.xcassets in Resources */ = {isa = PBXBuildFile; fileRef = AC652BF72CC0ACD8004A7F40 /* Assets.xcassets */; };
		AC652BFB2CC0ACD8004A7F40 /* LaunchScreen.storyboard in Resources */ = {isa = PBXBuildFile; fileRef = AC652BF92CC0ACD8004A7F40 /* LaunchScreen.storyboard */; };
		AC9F01D92CCA04B600C9875A /* StoreVC.swift in Sources */ = {isa = PBXBuildFile; fileRef = AC9F01D82CCA04B600C9875A /* StoreVC.swift */; };
		ACAE3F7A2CC578650092062D /* StoreDirectory.swift in Sources */ = {isa = PBXBuildFile; fileRef = ACAE3F792CC578650092062D /* StoreDirectory.swift */; };
		ACAE3F822CC6FAA00092062D /* DirectoryCell.swift in Sources */ = {isa = PBXBuildFile; fileRef = ACAE3F812CC6FAA00092062D /* DirectoryCell.swift */; };
		ACDCF4D62CCA11910092F61C /* malldata.csv in Resources */ = {isa = PBXBuildFile; fileRef = ACDCF4D52CCA11910092F61C /* malldata.csv */; };
		D0F1145B2CC96E510030A668 /* BookmarkedStoresViewController.swift in Sources */ = {isa = PBXBuildFile; fileRef = D0F1145A2CC96E510030A668 /* BookmarkedStoresViewController.swift */; };
		D0F114702CCA043A0030A668 /* StoreVC.swift in Sources */ = {isa = PBXBuildFile; fileRef = D0F1146F2CCA043A0030A668 /* StoreVC.swift */; };
/* End PBXBuildFile section */

/* Begin PBXCopyFilesBuildPhase section */
		9CC2ED862CC7738A00D5E703 /* Embed Frameworks */ = {
			isa = PBXCopyFilesBuildPhase;
			buildActionMask = 2147483647;
			dstPath = "";
			dstSubfolderSpec = 10;
			files = (
			);
			name = "Embed Frameworks";
			runOnlyForDeploymentPostprocessing = 0;
		};
/* End PBXCopyFilesBuildPhase section */

/* Begin PBXFileReference section */
		9C6566CA2CC979EA0070AEB2 /* LowerLevelVC.swift */ = {isa = PBXFileReference; lastKnownFileType = sourcecode.swift; path = LowerLevelVC.swift; sourceTree = "<group>"; };
		9C6566D02CC97C1D0070AEB2 /* UpperLevelVC.swift */ = {isa = PBXFileReference; lastKnownFileType = sourcecode.swift; path = UpperLevelVC.swift; sourceTree = "<group>"; };
		AC652BE82CC0ACD7004A7F40 /* ShoppingSpree.app */ = {isa = PBXFileReference; explicitFileType = wrapper.application; includeInIndex = 0; path = ShoppingSpree.app; sourceTree = BUILT_PRODUCTS_DIR; };
		AC652BEB2CC0ACD7004A7F40 /* AppDelegate.swift */ = {isa = PBXFileReference; lastKnownFileType = sourcecode.swift; path = AppDelegate.swift; sourceTree = "<group>"; };
		AC652BED2CC0ACD7004A7F40 /* SceneDelegate.swift */ = {isa = PBXFileReference; lastKnownFileType = sourcecode.swift; path = SceneDelegate.swift; sourceTree = "<group>"; };
		AC652BEF2CC0ACD7004A7F40 /* ViewController.swift */ = {isa = PBXFileReference; lastKnownFileType = sourcecode.swift; path = ViewController.swift; sourceTree = "<group>"; };
		AC652BF22CC0ACD7004A7F40 /* Base */ = {isa = PBXFileReference; lastKnownFileType = file.storyboard; name = Base; path = Base.lproj/Main.storyboard; sourceTree = "<group>"; };
		AC652BF52CC0ACD7004A7F40 /* ShoppingSpree.xcdatamodel */ = {isa = PBXFileReference; lastKnownFileType = wrapper.xcdatamodel; path = ShoppingSpree.xcdatamodel; sourceTree = "<group>"; };
		AC652BF72CC0ACD8004A7F40 /* Assets.xcassets */ = {isa = PBXFileReference; lastKnownFileType = folder.assetcatalog; path = Assets.xcassets; sourceTree = "<group>"; };
		AC652BFA2CC0ACD8004A7F40 /* Base */ = {isa = PBXFileReference; lastKnownFileType = file.storyboard; name = Base; path = Base.lproj/LaunchScreen.storyboard; sourceTree = "<group>"; };
		AC652BFC2CC0ACD8004A7F40 /* Info.plist */ = {isa = PBXFileReference; lastKnownFileType = text.plist.xml; path = Info.plist; sourceTree = "<group>"; };
		AC9F01D82CCA04B600C9875A /* StoreVC.swift */ = {isa = PBXFileReference; lastKnownFileType = sourcecode.swift; path = StoreVC.swift; sourceTree = "<group>"; };
		ACAE3F792CC578650092062D /* StoreDirectory.swift */ = {isa = PBXFileReference; lastKnownFileType = sourcecode.swift; path = StoreDirectory.swift; sourceTree = "<group>"; };
		ACAE3F812CC6FAA00092062D /* DirectoryCell.swift */ = {isa = PBXFileReference; lastKnownFileType = sourcecode.swift; path = DirectoryCell.swift; sourceTree = "<group>"; };
		ACDCF4D52CCA11910092F61C /* malldata.csv */ = {isa = PBXFileReference; fileEncoding = 4; lastKnownFileType = text; name = malldata.csv; path = ../malldata.csv; sourceTree = "<group>"; };
		D0F1145A2CC96E510030A668 /* BookmarkedStoresViewController.swift */ = {isa = PBXFileReference; lastKnownFileType = sourcecode.swift; path = BookmarkedStoresViewController.swift; sourceTree = "<group>"; };
		D0F1146F2CCA043A0030A668 /* StoreVC.swift */ = {isa = PBXFileReference; lastKnownFileType = sourcecode.swift; path = StoreVC.swift; sourceTree = "<group>"; };
/* End PBXFileReference section */

/* Begin PBXFrameworksBuildPhase section */
		AC652BE52CC0ACD7004A7F40 /* Frameworks */ = {
			isa = PBXFrameworksBuildPhase;
			buildActionMask = 2147483647;
			files = (
			);
			runOnlyForDeploymentPostprocessing = 0;
		};
/* End PBXFrameworksBuildPhase section */

/* Begin PBXGroup section */
		AC652BDF2CC0ACD7004A7F40 = {
			isa = PBXGroup;
			children = (
				ACDCF4D52CCA11910092F61C /* malldata.csv */,
				AC652BEA2CC0ACD7004A7F40 /* ShoppingSpree */,
				AC652BE92CC0ACD7004A7F40 /* Products */,
			);
			sourceTree = "<group>";
		};
		AC652BE92CC0ACD7004A7F40 /* Products */ = {
			isa = PBXGroup;
			children = (
				AC652BE82CC0ACD7004A7F40 /* ShoppingSpree.app */,
			);
			name = Products;
			sourceTree = "<group>";
		};
		AC652BEA2CC0ACD7004A7F40 /* ShoppingSpree */ = {
			isa = PBXGroup;
			children = (
				D0F1146F2CCA043A0030A668 /* StoreVC.swift */,
				D0F1145A2CC96E510030A668 /* BookmarkedStoresViewController.swift */,
				ACAE3F812CC6FAA00092062D /* DirectoryCell.swift */,
				AC652BEB2CC0ACD7004A7F40 /* AppDelegate.swift */,
				AC652BED2CC0ACD7004A7F40 /* SceneDelegate.swift */,
				AC652BEF2CC0ACD7004A7F40 /* ViewController.swift */,
				AC652BF12CC0ACD7004A7F40 /* Main.storyboard */,
				ACAE3F792CC578650092062D /* StoreDirectory.swift */,
				AC9F01D82CCA04B600C9875A /* StoreVC.swift */,
				AC652BF72CC0ACD8004A7F40 /* Assets.xcassets */,
				AC652BF92CC0ACD8004A7F40 /* LaunchScreen.storyboard */,
				AC652BFC2CC0ACD8004A7F40 /* Info.plist */,
				AC652BF42CC0ACD7004A7F40 /* ShoppingSpree.xcdatamodeld */,
				9C6566CA2CC979EA0070AEB2 /* LowerLevelVC.swift */,
				9C6566D02CC97C1D0070AEB2 /* UpperLevelVC.swift */,
			);
			path = ShoppingSpree;
			sourceTree = "<group>";
		};
/* End PBXGroup section */

/* Begin PBXNativeTarget section */
		AC652BE72CC0ACD7004A7F40 /* ShoppingSpree */ = {
			isa = PBXNativeTarget;
			buildConfigurationList = AC652BFF2CC0ACD8004A7F40 /* Build configuration list for PBXNativeTarget "ShoppingSpree" */;
			buildPhases = (
				AC652BE42CC0ACD7004A7F40 /* Sources */,
				AC652BE52CC0ACD7004A7F40 /* Frameworks */,
				AC652BE62CC0ACD7004A7F40 /* Resources */,
				9CC2ED862CC7738A00D5E703 /* Embed Frameworks */,
			);
			buildRules = (
			);
			dependencies = (
			);
			name = ShoppingSpree;
			productName = ShoppingSpree;
			productReference = AC652BE82CC0ACD7004A7F40 /* ShoppingSpree.app */;
			productType = "com.apple.product-type.application";
		};
/* End PBXNativeTarget section */

/* Begin PBXProject section */
		AC652BE02CC0ACD7004A7F40 /* Project object */ = {
			isa = PBXProject;
			attributes = {
				BuildIndependentTargetsInParallel = 1;
				LastSwiftUpdateCheck = 1520;
				LastUpgradeCheck = 1520;
				TargetAttributes = {
					AC652BE72CC0ACD7004A7F40 = {
						CreatedOnToolsVersion = 15.2;
					};
				};
			};
			buildConfigurationList = AC652BE32CC0ACD7004A7F40 /* Build configuration list for PBXProject "ShoppingSpree" */;
			compatibilityVersion = "Xcode 14.0";
			developmentRegion = en;
			hasScannedForEncodings = 0;
			knownRegions = (
				en,
				Base,
			);
			mainGroup = AC652BDF2CC0ACD7004A7F40;
			productRefGroup = AC652BE92CC0ACD7004A7F40 /* Products */;
			projectDirPath = "";
			projectRoot = "";
			targets = (
				AC652BE72CC0ACD7004A7F40 /* ShoppingSpree */,
			);
		};
/* End PBXProject section */

/* Begin PBXResourcesBuildPhase section */
		AC652BE62CC0ACD7004A7F40 /* Resources */ = {
			isa = PBXResourcesBuildPhase;
			buildActionMask = 2147483647;
			files = (
				AC652BFB2CC0ACD8004A7F40 /* LaunchScreen.storyboard in Resources */,
				AC652BF82CC0ACD8004A7F40 /* Assets.xcassets in Resources */,
				ACDCF4D62CCA11910092F61C /* malldata.csv in Resources */,
				AC652BF32CC0ACD7004A7F40 /* Main.storyboard in Resources */,
			);
			runOnlyForDeploymentPostprocessing = 0;
		};
/* End PBXResourcesBuildPhase section */

/* Begin PBXSourcesBuildPhase section */
		AC652BE42CC0ACD7004A7F40 /* Sources */ = {
			isa = PBXSourcesBuildPhase;
			buildActionMask = 2147483647;
			files = (
				D0F1145B2CC96E510030A668 /* BookmarkedStoresViewController.swift in Sources */,
				AC652BF02CC0ACD7004A7F40 /* ViewController.swift in Sources */,
				AC652BF62CC0ACD7004A7F40 /* ShoppingSpree.xcdatamodeld in Sources */,
				9C6566D12CC97C1D0070AEB2 /* UpperLevelVC.swift in Sources */,
<<<<<<< HEAD
				D0F114702CCA043A0030A668 /* StoreVC.swift in Sources */,
=======
				AC9F01D92CCA04B600C9875A /* StoreVC.swift in Sources */,
>>>>>>> origin/main
				AC652BEC2CC0ACD7004A7F40 /* AppDelegate.swift in Sources */,
				ACAE3F822CC6FAA00092062D /* DirectoryCell.swift in Sources */,
				AC652BEE2CC0ACD7004A7F40 /* SceneDelegate.swift in Sources */,
				ACAE3F7A2CC578650092062D /* StoreDirectory.swift in Sources */,
				9C6566CB2CC979EA0070AEB2 /* LowerLevelVC.swift in Sources */,
			);
			runOnlyForDeploymentPostprocessing = 0;
		};
/* End PBXSourcesBuildPhase section */

/* Begin PBXVariantGroup section */
		AC652BF12CC0ACD7004A7F40 /* Main.storyboard */ = {
			isa = PBXVariantGroup;
			children = (
				AC652BF22CC0ACD7004A7F40 /* Base */,
			);
			name = Main.storyboard;
			sourceTree = "<group>";
		};
		AC652BF92CC0ACD8004A7F40 /* LaunchScreen.storyboard */ = {
			isa = PBXVariantGroup;
			children = (
				AC652BFA2CC0ACD8004A7F40 /* Base */,
			);
			name = LaunchScreen.storyboard;
			sourceTree = "<group>";
		};
/* End PBXVariantGroup section */

/* Begin XCBuildConfiguration section */
		AC652BFD2CC0ACD8004A7F40 /* Debug */ = {
			isa = XCBuildConfiguration;
			buildSettings = {
				ALWAYS_SEARCH_USER_PATHS = NO;
				ASSETCATALOG_COMPILER_GENERATE_SWIFT_ASSET_SYMBOL_EXTENSIONS = YES;
				CLANG_ANALYZER_NONNULL = YES;
				CLANG_ANALYZER_NUMBER_OBJECT_CONVERSION = YES_AGGRESSIVE;
				CLANG_CXX_LANGUAGE_STANDARD = "gnu++20";
				CLANG_ENABLE_MODULES = YES;
				CLANG_ENABLE_OBJC_ARC = YES;
				CLANG_ENABLE_OBJC_WEAK = YES;
				CLANG_WARN_BLOCK_CAPTURE_AUTORELEASING = YES;
				CLANG_WARN_BOOL_CONVERSION = YES;
				CLANG_WARN_COMMA = YES;
				CLANG_WARN_CONSTANT_CONVERSION = YES;
				CLANG_WARN_DEPRECATED_OBJC_IMPLEMENTATIONS = YES;
				CLANG_WARN_DIRECT_OBJC_ISA_USAGE = YES_ERROR;
				CLANG_WARN_DOCUMENTATION_COMMENTS = YES;
				CLANG_WARN_EMPTY_BODY = YES;
				CLANG_WARN_ENUM_CONVERSION = YES;
				CLANG_WARN_INFINITE_RECURSION = YES;
				CLANG_WARN_INT_CONVERSION = YES;
				CLANG_WARN_NON_LITERAL_NULL_CONVERSION = YES;
				CLANG_WARN_OBJC_IMPLICIT_RETAIN_SELF = YES;
				CLANG_WARN_OBJC_LITERAL_CONVERSION = YES;
				CLANG_WARN_OBJC_ROOT_CLASS = YES_ERROR;
				CLANG_WARN_QUOTED_INCLUDE_IN_FRAMEWORK_HEADER = YES;
				CLANG_WARN_RANGE_LOOP_ANALYSIS = YES;
				CLANG_WARN_STRICT_PROTOTYPES = YES;
				CLANG_WARN_SUSPICIOUS_MOVE = YES;
				CLANG_WARN_UNGUARDED_AVAILABILITY = YES_AGGRESSIVE;
				CLANG_WARN_UNREACHABLE_CODE = YES;
				CLANG_WARN__DUPLICATE_METHOD_MATCH = YES;
				COPY_PHASE_STRIP = NO;
				DEBUG_INFORMATION_FORMAT = dwarf;
				ENABLE_STRICT_OBJC_MSGSEND = YES;
				ENABLE_TESTABILITY = YES;
				ENABLE_USER_SCRIPT_SANDBOXING = YES;
				GCC_C_LANGUAGE_STANDARD = gnu17;
				GCC_DYNAMIC_NO_PIC = NO;
				GCC_NO_COMMON_BLOCKS = YES;
				GCC_OPTIMIZATION_LEVEL = 0;
				GCC_PREPROCESSOR_DEFINITIONS = (
					"DEBUG=1",
					"$(inherited)",
				);
				GCC_WARN_64_TO_32_BIT_CONVERSION = YES;
				GCC_WARN_ABOUT_RETURN_TYPE = YES_ERROR;
				GCC_WARN_UNDECLARED_SELECTOR = YES;
				GCC_WARN_UNINITIALIZED_AUTOS = YES_AGGRESSIVE;
				GCC_WARN_UNUSED_FUNCTION = YES;
				GCC_WARN_UNUSED_VARIABLE = YES;
				IPHONEOS_DEPLOYMENT_TARGET = 17.2;
				LOCALIZATION_PREFERS_STRING_CATALOGS = YES;
				MTL_ENABLE_DEBUG_INFO = INCLUDE_SOURCE;
				MTL_FAST_MATH = YES;
				ONLY_ACTIVE_ARCH = YES;
				SDKROOT = iphoneos;
				SWIFT_ACTIVE_COMPILATION_CONDITIONS = "DEBUG $(inherited)";
				SWIFT_OPTIMIZATION_LEVEL = "-Onone";
			};
			name = Debug;
		};
		AC652BFE2CC0ACD8004A7F40 /* Release */ = {
			isa = XCBuildConfiguration;
			buildSettings = {
				ALWAYS_SEARCH_USER_PATHS = NO;
				ASSETCATALOG_COMPILER_GENERATE_SWIFT_ASSET_SYMBOL_EXTENSIONS = YES;
				CLANG_ANALYZER_NONNULL = YES;
				CLANG_ANALYZER_NUMBER_OBJECT_CONVERSION = YES_AGGRESSIVE;
				CLANG_CXX_LANGUAGE_STANDARD = "gnu++20";
				CLANG_ENABLE_MODULES = YES;
				CLANG_ENABLE_OBJC_ARC = YES;
				CLANG_ENABLE_OBJC_WEAK = YES;
				CLANG_WARN_BLOCK_CAPTURE_AUTORELEASING = YES;
				CLANG_WARN_BOOL_CONVERSION = YES;
				CLANG_WARN_COMMA = YES;
				CLANG_WARN_CONSTANT_CONVERSION = YES;
				CLANG_WARN_DEPRECATED_OBJC_IMPLEMENTATIONS = YES;
				CLANG_WARN_DIRECT_OBJC_ISA_USAGE = YES_ERROR;
				CLANG_WARN_DOCUMENTATION_COMMENTS = YES;
				CLANG_WARN_EMPTY_BODY = YES;
				CLANG_WARN_ENUM_CONVERSION = YES;
				CLANG_WARN_INFINITE_RECURSION = YES;
				CLANG_WARN_INT_CONVERSION = YES;
				CLANG_WARN_NON_LITERAL_NULL_CONVERSION = YES;
				CLANG_WARN_OBJC_IMPLICIT_RETAIN_SELF = YES;
				CLANG_WARN_OBJC_LITERAL_CONVERSION = YES;
				CLANG_WARN_OBJC_ROOT_CLASS = YES_ERROR;
				CLANG_WARN_QUOTED_INCLUDE_IN_FRAMEWORK_HEADER = YES;
				CLANG_WARN_RANGE_LOOP_ANALYSIS = YES;
				CLANG_WARN_STRICT_PROTOTYPES = YES;
				CLANG_WARN_SUSPICIOUS_MOVE = YES;
				CLANG_WARN_UNGUARDED_AVAILABILITY = YES_AGGRESSIVE;
				CLANG_WARN_UNREACHABLE_CODE = YES;
				CLANG_WARN__DUPLICATE_METHOD_MATCH = YES;
				COPY_PHASE_STRIP = NO;
				DEBUG_INFORMATION_FORMAT = "dwarf-with-dsym";
				ENABLE_NS_ASSERTIONS = NO;
				ENABLE_STRICT_OBJC_MSGSEND = YES;
				ENABLE_USER_SCRIPT_SANDBOXING = YES;
				GCC_C_LANGUAGE_STANDARD = gnu17;
				GCC_NO_COMMON_BLOCKS = YES;
				GCC_WARN_64_TO_32_BIT_CONVERSION = YES;
				GCC_WARN_ABOUT_RETURN_TYPE = YES_ERROR;
				GCC_WARN_UNDECLARED_SELECTOR = YES;
				GCC_WARN_UNINITIALIZED_AUTOS = YES_AGGRESSIVE;
				GCC_WARN_UNUSED_FUNCTION = YES;
				GCC_WARN_UNUSED_VARIABLE = YES;
				IPHONEOS_DEPLOYMENT_TARGET = 17.2;
				LOCALIZATION_PREFERS_STRING_CATALOGS = YES;
				MTL_ENABLE_DEBUG_INFO = NO;
				MTL_FAST_MATH = YES;
				SDKROOT = iphoneos;
				SWIFT_COMPILATION_MODE = wholemodule;
				VALIDATE_PRODUCT = YES;
			};
			name = Release;
		};
		AC652C002CC0ACD8004A7F40 /* Debug */ = {
			isa = XCBuildConfiguration;
			buildSettings = {
				ASSETCATALOG_COMPILER_APPICON_NAME = AppIcon;
				ASSETCATALOG_COMPILER_GLOBAL_ACCENT_COLOR_NAME = AccentColor;
				CODE_SIGN_STYLE = Automatic;
				CURRENT_PROJECT_VERSION = 1;
				DEVELOPMENT_TEAM = AT4X67YHL8;
				GENERATE_INFOPLIST_FILE = YES;
				INFOPLIST_FILE = ShoppingSpree/Info.plist;
				INFOPLIST_KEY_UIApplicationSupportsIndirectInputEvents = YES;
				INFOPLIST_KEY_UILaunchStoryboardName = LaunchScreen;
				INFOPLIST_KEY_UIMainStoryboardFile = Main;
				INFOPLIST_KEY_UISupportedInterfaceOrientations_iPad = "UIInterfaceOrientationPortrait UIInterfaceOrientationPortraitUpsideDown UIInterfaceOrientationLandscapeLeft UIInterfaceOrientationLandscapeRight";
				INFOPLIST_KEY_UISupportedInterfaceOrientations_iPhone = "UIInterfaceOrientationPortrait UIInterfaceOrientationLandscapeLeft UIInterfaceOrientationLandscapeRight";
				LD_RUNPATH_SEARCH_PATHS = (
					"$(inherited)",
					"@executable_path/Frameworks",
				);
				MARKETING_VERSION = 1.0;
				PRODUCT_BUNDLE_IDENTIFIER = utcs.ShoppingSpree;
				PRODUCT_NAME = "$(TARGET_NAME)";
				SWIFT_EMIT_LOC_STRINGS = YES;
				SWIFT_VERSION = 5.0;
				TARGETED_DEVICE_FAMILY = "1,2";
			};
			name = Debug;
		};
		AC652C012CC0ACD8004A7F40 /* Release */ = {
			isa = XCBuildConfiguration;
			buildSettings = {
				ASSETCATALOG_COMPILER_APPICON_NAME = AppIcon;
				ASSETCATALOG_COMPILER_GLOBAL_ACCENT_COLOR_NAME = AccentColor;
				CODE_SIGN_STYLE = Automatic;
				CURRENT_PROJECT_VERSION = 1;
				DEVELOPMENT_TEAM = AT4X67YHL8;
				GENERATE_INFOPLIST_FILE = YES;
				INFOPLIST_FILE = ShoppingSpree/Info.plist;
				INFOPLIST_KEY_UIApplicationSupportsIndirectInputEvents = YES;
				INFOPLIST_KEY_UILaunchStoryboardName = LaunchScreen;
				INFOPLIST_KEY_UIMainStoryboardFile = Main;
				INFOPLIST_KEY_UISupportedInterfaceOrientations_iPad = "UIInterfaceOrientationPortrait UIInterfaceOrientationPortraitUpsideDown UIInterfaceOrientationLandscapeLeft UIInterfaceOrientationLandscapeRight";
				INFOPLIST_KEY_UISupportedInterfaceOrientations_iPhone = "UIInterfaceOrientationPortrait UIInterfaceOrientationLandscapeLeft UIInterfaceOrientationLandscapeRight";
				LD_RUNPATH_SEARCH_PATHS = (
					"$(inherited)",
					"@executable_path/Frameworks",
				);
				MARKETING_VERSION = 1.0;
				PRODUCT_BUNDLE_IDENTIFIER = utcs.ShoppingSpree;
				PRODUCT_NAME = "$(TARGET_NAME)";
				SWIFT_EMIT_LOC_STRINGS = YES;
				SWIFT_VERSION = 5.0;
				TARGETED_DEVICE_FAMILY = "1,2";
			};
			name = Release;
		};
/* End XCBuildConfiguration section */

/* Begin XCConfigurationList section */
		AC652BE32CC0ACD7004A7F40 /* Build configuration list for PBXProject "ShoppingSpree" */ = {
			isa = XCConfigurationList;
			buildConfigurations = (
				AC652BFD2CC0ACD8004A7F40 /* Debug */,
				AC652BFE2CC0ACD8004A7F40 /* Release */,
			);
			defaultConfigurationIsVisible = 0;
			defaultConfigurationName = Release;
		};
		AC652BFF2CC0ACD8004A7F40 /* Build configuration list for PBXNativeTarget "ShoppingSpree" */ = {
			isa = XCConfigurationList;
			buildConfigurations = (
				AC652C002CC0ACD8004A7F40 /* Debug */,
				AC652C012CC0ACD8004A7F40 /* Release */,
			);
			defaultConfigurationIsVisible = 0;
			defaultConfigurationName = Release;
		};
/* End XCConfigurationList section */

/* Begin XCVersionGroup section */
		AC652BF42CC0ACD7004A7F40 /* ShoppingSpree.xcdatamodeld */ = {
			isa = XCVersionGroup;
			children = (
				AC652BF52CC0ACD7004A7F40 /* ShoppingSpree.xcdatamodel */,
			);
			currentVersion = AC652BF52CC0ACD7004A7F40 /* ShoppingSpree.xcdatamodel */;
			path = ShoppingSpree.xcdatamodeld;
			sourceTree = "<group>";
			versionGroupType = wrapper.xcdatamodel;
		};
/* End XCVersionGroup section */
	};
	rootObject = AC652BE02CC0ACD7004A7F40 /* Project object */;
}
